
Microsoft Visual Studio Solution File, Format Version 12.00
# Visual Studio Version 17
VisualStudioVersion = 17.2.32630.192
MinimumVisualStudioVersion = 10.0.40219.1
Project("{FAE04EC0-301F-11D3-BF4B-00C04F79EFBC}") = "calcManhattanDistCoords", "calcManhattanDistCoords\calcManhattanDistCoords.csproj", "{BE4919D0-9BFE-4342-B09E-9F6FFC3B722F}"
EndProject
Global
	GlobalSection(SolutionConfigurationPlatforms) = preSolution
		Debug|Any CPU = Debug|Any CPU
		Release|Any CPU = Release|Any CPU
	EndGlobalSection
	GlobalSection(ProjectConfigurationPlatforms) = postSolution
		{BE4919D0-9BFE-4342-B09E-9F6FFC3B722F}.Debug|Any CPU.ActiveCfg = Debug|Any CPU
		{BE4919D0-9BFE-4342-B09E-9F6FFC3B722F}.Debug|Any CPU.Build.0 = Debug|Any CPU
		{BE4919D0-9BFE-4342-B09E-9F6FFC3B722F}.Release|Any CPU.ActiveCfg = Release|Any CPU
		{BE4919D0-9BFE-4342-B09E-9F6FFC3B722F}.Release|Any CPU.Build.0 = Release|Any CPU
	EndGlobalSection
	GlobalSection(SolutionProperties) = preSolution
		HideSolutionNode = FALSE
	EndGlobalSection
	GlobalSection(ExtensibilityGlobals) = postSolution
		SolutionGuid = {7D151726-B7D6-4BDF-9D6C-77A5C1990341}
	EndGlobalSection
EndGlobal
